<?xml version="1.0"?>
<CONFIG>
  <ProjectOptions>
    <Version Value="9"/>
    <General>
      <MainUnit Value="0"/>
      <Title Value="DMcsvEditor"/>
      <Icon Value="0"/>
      <ActiveWindowIndexAtStart Value="0"/>
    </General>
    <VersionInfo>
      <StringTable ProductVersion=""/>
    </VersionInfo>
    <BuildModes Count="1">
      <Item1 Name="default" Default="True"/>
    </BuildModes>
    <PublishOptions>
      <Version Value="2"/>
      <IgnoreBinaries Value="False"/>
      <IncludeFileFilter Value="*.(pas|pp|inc|lfm|lpr|lrs|lpi|lpk|sh|xml)"/>
      <ExcludeFileFilter Value="*.(bak|ppu|ppw|o|so);*~;backup"/>
    </PublishOptions>
    <RunParams>
      <local>
        <FormatVersion Value="1"/>
        <LaunchingApplication PathPlusParams="/usr/X11R6/bin/xterm -T 'Lazarus Run Output' -e $(LazarusDir)/tools/runwait.sh $(TargetCmdLine)"/>
      </local>
    </RunParams>
    <RequiredPackages Count="2">
      <Item1>
        <PackageName Value="Printer4Lazarus"/>
        <MinVersion Minor="5" Valid="True"/>
      </Item1>
      <Item2>
        <PackageName Value="LCL"/>
      </Item2>
    </RequiredPackages>
    <Units Count="4">
      <Unit0>
        <Filename Value="project1.lpr"/>
        <IsPartOfProject Value="True"/>
        <UnitName Value="project1"/>
        <UsageCount Value="64"/>
      </Unit0>
      <Unit1>
        <Filename Value="unit1.pas"/>
        <IsPartOfProject Value="True"/>
        <ComponentName Value="Form1"/>
        <ResourceBaseClass Value="Form"/>
        <UnitName Value="Unit1"/>
        <IsVisibleTab Value="True"/>
        <EditorIndex Value="0"/>
        <WindowIndex Value="0"/>
        <TopLine Value="1331"/>
        <CursorPos X="20" Y="1365"/>
        <UsageCount Value="64"/>
        <Loaded Value="True"/>
        <LoadedDesigner Value="True"/>
      </Unit1>
      <Unit2>
        <Filename Value="unit1.lfm"/>
        <TopLine Value="1"/>
        <CursorPos X="1" Y="1"/>
        <UsageCount Value="9"/>
        <DefaultSyntaxHighlighter Value="LFM"/>
      </Unit2>
      <Unit3>
        <Filename Value="/usr/lib/lazarus/0.9.28.2/lcl/grids.pas"/>
        <UnitName Value="Grids"/>
        <TopLine Value="7367"/>
        <CursorPos X="1" Y="7384"/>
        <UsageCount Value="9"/>
      </Unit3>
    </Units>
    <JumpHistory Count="30" HistoryIndex="29">
      <Position1>
        <Filename Value="unit1.pas"/>
        <Caret Line="214" Column="5" TopLine="188"/>
      </Position1>
      <Position2>
        <Filename Value="unit1.pas"/>
        <Caret Line="1248" Column="41" TopLine="1246"/>
      </Position2>
      <Position3>
        <Filename Value="unit1.pas"/>
        <Caret Line="1249" Column="3" TopLine="1247"/>
      </Position3>
      <Position4>
        <Filename Value="unit1.pas"/>
        <Caret Line="1250" Column="3" TopLine="1247"/>
      </Position4>
      <Position5>
        <Filename Value="unit1.pas"/>
        <Caret Line="1106" Column="3" TopLine="1099"/>
      </Position5>
      <Position6>
        <Filename Value="unit1.pas"/>
        <Caret Line="1107" Column="3" TopLine="1099"/>
      </Position6>
      <Position7>
        <Filename Value="unit1.pas"/>
        <Caret Line="1108" Column="3" TopLine="1099"/>
      </Position7>
      <Position8>
        <Filename Value="unit1.pas"/>
        <Caret Line="1109" Column="3" TopLine="1099"/>
      </Position8>
      <Position9>
        <Filename Value="unit1.pas"/>
        <Caret Line="1110" Column="3" TopLine="1099"/>
      </Position9>
      <Position10>
        <Filename Value="unit1.pas"/>
        <Caret Line="1111" Column="3" TopLine="1099"/>
      </Position10>
      <Position11>
        <Filename Value="unit1.pas"/>
        <Caret Line="986" Column="1" TopLine="984"/>
      </Position11>
      <Position12>
        <Filename Value="unit1.pas"/>
        <Caret Line="1261" Column="1" TopLine="1255"/>
      </Position12>
      <Position13>
        <Filename Value="unit1.pas"/>
        <Caret Line="166" Column="50" TopLine="157"/>
      </Position13>
      <Position14>
        <Filename Value="unit1.pas"/>
        <Caret Line="1052" Column="18" TopLine="1034"/>
      </Position14>
      <Position15>
        <Filename Value="unit1.pas"/>
        <Caret Line="704" Column="34" TopLine="337"/>
      </Position15>
      <Position16>
        <Filename Value="unit1.pas"/>
        <Caret Line="805" Column="138" TopLine="795"/>
      </Position16>
      <Position17>
        <Filename Value="unit1.pas"/>
        <Caret Line="862" Column="146" TopLine="862"/>
      </Position17>
      <Position18>
        <Filename Value="unit1.pas"/>
        <Caret Line="333" Column="48" TopLine="721"/>
      </Position18>
      <Position19>
        <Filename Value="unit1.pas"/>
        <Caret Line="1063" Column="2" TopLine="1084"/>
      </Position19>
      <Position20>
        <Filename Value="unit1.pas"/>
        <Caret Line="1062" Column="2" TopLine="1062"/>
      </Position20>
      <Position21>
        <Filename Value="unit1.pas"/>
        <Caret Line="1061" Column="2" TopLine="1061"/>
      </Position21>
      <Position22>
        <Filename Value="unit1.pas"/>
        <Caret Line="1060" Column="2" TopLine="1060"/>
      </Position22>
      <Position23>
        <Filename Value="unit1.pas"/>
        <Caret Line="9" Column="73" TopLine="1"/>
      </Position23>
      <Position24>
        <Filename Value="unit1.pas"/>
        <Caret Line="1300" Column="1" TopLine="1285"/>
      </Position24>
      <Position25>
        <Filename Value="unit1.pas"/>
        <Caret Line="113" Column="5" TopLine="98"/>
      </Position25>
      <Position26>
        <Filename Value="unit1.pas"/>
        <Caret Line="753" Column="1" TopLine="738"/>
      </Position26>
      <Position27>
        <Filename Value="unit1.pas"/>
        <Caret Line="154" Column="43" TopLine="145"/>
      </Position27>
      <Position28>
        <Filename Value="unit1.pas"/>
        <Caret Line="2" Column="26" TopLine="1"/>
      </Position28>
      <Position29>
        <Filename Value="unit1.pas"/>
        <Caret Line="133" Column="34" TopLine="109"/>
      </Position29>
      <Position30>
        <Filename Value="unit1.pas"/>
        <Caret Line="1399" Column="37" TopLine="1395"/>
      </Position30>
    </JumpHistory>
  </ProjectOptions>
  <CompilerOptions>
    <Version Value="9"/>
    <Target>
      <Filename Value="dmcsv"/>
    </Target>
    <SearchPaths>
      <IncludeFiles Value="$(ProjOutDir)"/>
    </SearchPaths>
    <Parsing>
      <SyntaxOptions>
        <UseAnsiStrings Value="False"/>
      </SyntaxOptions>
    </Parsing>
    <CodeGeneration>
      <SmartLinkUnit Value="True"/>
      <SmallerCode Value="True"/>
      <TargetCPU Value="i386"/>
      <TargetOS Value="linux"/>
      <Optimizations>
        <OptimizationLevel Value="2"/>
      </Optimizations>
    </CodeGeneration>
    <Linking>
      <Debugging>
        <UseLineInfoUnit Value="False"/>
        <StripSymbols Value="True"/>
      </Debugging>
      <LinkSmart Value="True"/>
    </Linking>
    <Other>
      <Verbosity>
        <ShoLineNum Value="True"/>
      </Verbosity>
      <CompilerMessages>
        <UseMsgFile Value="True"/>
      </CompilerMessages>
      <CompilerPath Value="$(CompPath)"/>
      <ExecuteBefore>
        <ScanForFPCMsgs Value="True"/>
        <ScanForMakeMsgs Value="True"/>
        <ShowAllMessages Value="True"/>
      </ExecuteBefore>
      <CreateMakefileOnBuild Value="True"/>
    </Other>
  </CompilerOptions>
  <Debugging>
    <Exceptions Count="3">
      <Item1>
        <Name Value="EAbort"/>
      </Item1>
      <Item2>
        <Name Value="ECodetoolError"/>
      </Item2>
      <Item3>
        <Name Value="EFOpenError"/>
      </Item3>
    </Exceptions>
  </Debugging>
</CONFIG>
